// !$*UTF8*$!
{
	archiveVersion = 1;
	classes = {
	};
	objectVersion = 46;
	objects = {

/* Begin PBXBuildFile section */
		D7791C611CC75278007C8B36 /* main.m in Sources */ = {isa = PBXBuildFile; fileRef = D7791C601CC75278007C8B36 /* main.m */; };
		D7791C641CC75278007C8B36 /* AppDelegate.m in Sources */ = {isa = PBXBuildFile; fileRef = D7791C631CC75278007C8B36 /* AppDelegate.m */; };
		D7791C671CC75278007C8B36 /* ViewController.m in Sources */ = {isa = PBXBuildFile; fileRef = D7791C661CC75278007C8B36 /* ViewController.m */; };
		D7791C6A1CC75278007C8B36 /* Main.storyboard in Resources */ = {isa = PBXBuildFile; fileRef = D7791C681CC75278007C8B36 /* Main.storyboard */; };
		D7791C6C1CC75278007C8B36 /* Assets.xcassets in Resources */ = {isa = PBXBuildFile; fileRef = D7791C6B1CC75278007C8B36 /* Assets.xcassets */; };
		D7791C6F1CC75278007C8B36 /* LaunchScreen.storyboard in Resources */ = {isa = PBXBuildFile; fileRef = D7791C6D1CC75278007C8B36 /* LaunchScreen.storyboard */; };
		D7791C7A1CC75278007C8B36 /* BGTBSelectBBTests.m in Sources */ = {isa = PBXBuildFile; fileRef = D7791C791CC75278007C8B36 /* BGTBSelectBBTests.m */; };
		D7791C851CC75278007C8B36 /* BGTBSelectBBUITests.m in Sources */ = {isa = PBXBuildFile; fileRef = D7791C841CC75278007C8B36 /* BGTBSelectBBUITests.m */; };
/* End PBXBuildFile section */

/* Begin PBXContainerItemProxy section */
		D7791C761CC75278007C8B36 /* PBXContainerItemProxy */ = {
			isa = PBXContainerItemProxy;
			containerPortal = D7791C541CC75277007C8B36 /* Project object */;
			proxyType = 1;
			remoteGlobalIDString = D7791C5B1CC75277007C8B36;
			remoteInfo = BGTBSelectBB;
		};
		D7791C811CC75278007C8B36 /* PBXContainerItemProxy */ = {
			isa = PBXContainerItemProxy;
			containerPortal = D7791C541CC75277007C8B36 /* Project object */;
			proxyType = 1;
			remoteGlobalIDString = D7791C5B1CC75277007C8B36;
			remoteInfo = BGTBSelectBB;
		};
/* End PBXContainerItemProxy section */

/* Begin PBXFileReference section */
		D7791C5C1CC75277007C8B36 /* BGTBSelectBB.app */ = {isa = PBXFileReference; explicitFileType = wrapper.application; includeInIndex = 0; path = BGTBSelectBB.app; sourceTree = BUILT_PRODUCTS_DIR; };
		D7791C601CC75278007C8B36 /* main.m */ = {isa = PBXFileReference; lastKnownFileType = sourcecode.c.objc; path = main.m; sourceTree = "<group>"; };
		D7791C621CC75278007C8B36 /* AppDelegate.h */ = {isa = PBXFileReference; lastKnownFileType = sourcecode.c.h; path = AppDelegate.h; sourceTree = "<group>"; };
		D7791C631CC75278007C8B36 /* AppDelegate.m */ = {isa = PBXFileReference; lastKnownFileType = sourcecode.c.objc; path = AppDelegate.m; sourceTree = "<group>"; };
		D7791C651CC75278007C8B36 /* ViewController.h */ = {isa = PBXFileReference; lastKnownFileType = sourcecode.c.h; path = ViewController.h; sourceTree = "<group>"; };
		D7791C661CC75278007C8B36 /* ViewController.m */ = {isa = PBXFileReference; lastKnownFileType = sourcecode.c.objc; path = ViewController.m; sourceTree = "<group>"; };
		D7791C691CC75278007C8B36 /* Base */ = {isa = PBXFileReference; lastKnownFileType = file.storyboard; name = Base; path = Base.lproj/Main.storyboard; sourceTree = "<group>"; };
		D7791C6B1CC75278007C8B36 /* Assets.xcassets */ = {isa = PBXFileReference; lastKnownFileType = folder.assetcatalog; path = Assets.xcassets; sourceTree = "<group>"; };
		D7791C6E1CC75278007C8B36 /* Base */ = {isa = PBXFileReference; lastKnownFileType = file.storyboard; name = Base; path = Base.lproj/LaunchScreen.storyboard; sourceTree = "<group>"; };
		D7791C701CC75278007C8B36 /* Info.plist */ = {isa = PBXFileReference; lastKnownFileType = text.plist.xml; path = Info.plist; sourceTree = "<group>"; };
		D7791C751CC75278007C8B36 /* BGTBSelectBBTests.xctest */ = {isa = PBXFileReference; explicitFileType = wrapper.cfbundle; includeInIndex = 0; path = BGTBSelectBBTests.xctest; sourceTree = BUILT_PRODUCTS_DIR; };
		D7791C791CC75278007C8B36 /* BGTBSelectBBTests.m */ = {isa = PBXFileReference; lastKnownFileType = sourcecode.c.objc; path = BGTBSelectBBTests.m; sourceTree = "<group>"; };
		D7791C7B1CC75278007C8B36 /* Info.plist */ = {isa = PBXFileReference; lastKnownFileType = text.plist.xml; path = Info.plist; sourceTree = "<group>"; };
		D7791C801CC75278007C8B36 /* BGTBSelectBBUITests.xctest */ = {isa = PBXFileReference; explicitFileType = wrapper.cfbundle; includeInIndex = 0; path = BGTBSelectBBUITests.xctest; sourceTree = BUILT_PRODUCTS_DIR; };
		D7791C841CC75278007C8B36 /* BGTBSelectBBUITests.m */ = {isa = PBXFileReference; lastKnownFileType = sourcecode.c.objc; path = BGTBSelectBBUITests.m; sourceTree = "<group>"; };
		D7791C861CC75278007C8B36 /* Info.plist */ = {isa = PBXFileReference; lastKnownFileType = text.plist.xml; path = Info.plist; sourceTree = "<group>"; };
/* End PBXFileReference section */

/* Begin PBXFrameworksBuildPhase section */
		D7791C591CC75277007C8B36 /* Frameworks */ = {
			isa = PBXFrameworksBuildPhase;
			buildActionMask = 2147483647;
			files = (
			);
			runOnlyForDeploymentPostprocessing = 0;
		};
		D7791C721CC75278007C8B36 /* Frameworks */ = {
			isa = PBXFrameworksBuildPhase;
			buildActionMask = 2147483647;
			files = (
			);
			runOnlyForDeploymentPostprocessing = 0;
		};
		D7791C7D1CC75278007C8B36 /* Frameworks */ = {
			isa = PBXFrameworksBuildPhase;
			buildActionMask = 2147483647;
			files = (
			);
			runOnlyForDeploymentPostprocessing = 0;
		};
/* End PBXFrameworksBuildPhase section */

/* Begin PBXGroup section */
		D7791C531CC75277007C8B36 = {
			isa = PBXGroup;
			children = (
				D7791C5E1CC75278007C8B36 /* BGTBSelectBB */,
				D7791C781CC75278007C8B36 /* BGTBSelectBBTests */,
				D7791C831CC75278007C8B36 /* BGTBSelectBBUITests */,
				D7791C5D1CC75277007C8B36 /* Products */,
			);
			sourceTree = "<group>";
		};
		D7791C5D1CC75277007C8B36 /* Products */ = {
			isa = PBXGroup;
			children = (
				D7791C5C1CC75277007C8B36 /* BGTBSelectBB.app */,
				D7791C751CC75278007C8B36 /* BGTBSelectBBTests.xctest */,
				D7791C801CC75278007C8B36 /* BGTBSelectBBUITests.xctest */,
			);
			name = Products;
			sourceTree = "<group>";
		};
		D7791C5E1CC75278007C8B36 /* BGTBSelectBB */ = {
			isa = PBXGroup;
			children = (
				D7791C621CC75278007C8B36 /* AppDelegate.h */,
				D7791C631CC75278007C8B36 /* AppDelegate.m */,
				D7791C651CC75278007C8B36 /* ViewController.h */,
				D7791C661CC75278007C8B36 /* ViewController.m */,
				D7791C681CC75278007C8B36 /* Main.storyboard */,
				D7791C6B1CC75278007C8B36 /* Assets.xcassets */,
				D7791C6D1CC75278007C8B36 /* LaunchScreen.storyboard */,
				D7791C701CC75278007C8B36 /* Info.plist */,
				D7791C5F1CC75278007C8B36 /* Supporting Files */,
			);
			path = BGTBSelectBB;
			sourceTree = "<group>";
		};
		D7791C5F1CC75278007C8B36 /* Supporting Files */ = {
			isa = PBXGroup;
			children = (
				D7791C601CC75278007C8B36 /* main.m */,
			);
			name = "Supporting Files";
			sourceTree = "<group>";
		};
		D7791C781CC75278007C8B36 /* BGTBSelectBBTests */ = {
			isa = PBXGroup;
			children = (
				D7791C791CC75278007C8B36 /* BGTBSelectBBTests.m */,
				D7791C7B1CC75278007C8B36 /* Info.plist */,
			);
			path = BGTBSelectBBTests;
			sourceTree = "<group>";
		};
		D7791C831CC75278007C8B36 /* BGTBSelectBBUITests */ = {
			isa = PBXGroup;
			children = (
				D7791C841CC75278007C8B36 /* BGTBSelectBBUITests.m */,
				D7791C861CC75278007C8B36 /* Info.plist */,
			);
			path = BGTBSelectBBUITests;
			sourceTree = "<group>";
		};
/* End PBXGroup section */

/* Begin PBXNativeTarget section */
		D7791C5B1CC75277007C8B36 /* BGTBSelectBB */ = {
			isa = PBXNativeTarget;
			buildConfigurationList = D7791C891CC75278007C8B36 /* Build configuration list for PBXNativeTarget "BGTBSelectBB" */;
			buildPhases = (
				D7791C581CC75277007C8B36 /* Sources */,
				D7791C591CC75277007C8B36 /* Frameworks */,
				D7791C5A1CC75277007C8B36 /* Resources */,
			);
			buildRules = (
			);
			dependencies = (
			);
			name = BGTBSelectBB;
			productName = BGTBSelectBB;
			productReference = D7791C5C1CC75277007C8B36 /* BGTBSelectBB.app */;
			productType = "com.apple.product-type.application";
		};
		D7791C741CC75278007C8B36 /* BGTBSelectBBTests */ = {
			isa = PBXNativeTarget;
			buildConfigurationList = D7791C8C1CC75278007C8B36 /* Build configuration list for PBXNativeTarget "BGTBSelectBBTests" */;
			buildPhases = (
				D7791C711CC75278007C8B36 /* Sources */,
				D7791C721CC75278007C8B36 /* Frameworks */,
				D7791C731CC75278007C8B36 /* Resources */,
			);
			buildRules = (
			);
			dependencies = (
				D7791C771CC75278007C8B36 /* PBXTargetDependency */,
			);
			name = BGTBSelectBBTests;
			productName = BGTBSelectBBTests;
			productReference = D7791C751CC75278007C8B36 /* BGTBSelectBBTests.xctest */;
			productType = "com.apple.product-type.bundle.unit-test";
		};
		D7791C7F1CC75278007C8B36 /* BGTBSelectBBUITests */ = {
			isa = PBXNativeTarget;
			buildConfigurationList = D7791C8F1CC75278007C8B36 /* Build configuration list for PBXNativeTarget "BGTBSelectBBUITests" */;
			buildPhases = (
				D7791C7C1CC75278007C8B36 /* Sources */,
				D7791C7D1CC75278007C8B36 /* Frameworks */,
				D7791C7E1CC75278007C8B36 /* Resources */,
			);
			buildRules = (
			);
			dependencies = (
				D7791C821CC75278007C8B36 /* PBXTargetDependency */,
			);
			name = BGTBSelectBBUITests;
			productName = BGTBSelectBBUITests;
			productReference = D7791C801CC75278007C8B36 /* BGTBSelectBBUITests.xctest */;
			productType = "com.apple.product-type.bundle.ui-testing";
		};
/* End PBXNativeTarget section */

/* Begin PBXProject section */
		D7791C541CC75277007C8B36 /* Project object */ = {
			isa = PBXProject;
			attributes = {
				LastUpgradeCheck = 0730;
				ORGANIZATIONNAME = Biao;
				TargetAttributes = {
					D7791C5B1CC75277007C8B36 = {
						CreatedOnToolsVersion = 7.3;
					};
					D7791C741CC75278007C8B36 = {
						CreatedOnToolsVersion = 7.3;
						TestTargetID = D7791C5B1CC75277007C8B36;
					};
					D7791C7F1CC75278007C8B36 = {
						CreatedOnToolsVersion = 7.3;
						TestTargetID = D7791C5B1CC75277007C8B36;
					};
				};
			};
			buildConfigurationList = D7791C571CC75277007C8B36 /* Build configuration list for PBXProject "BGTBSelectBB" */;
			compatibilityVersion = "Xcode 3.2";
			developmentRegion = English;
			hasScannedForEncodings = 0;
			knownRegions = (
				en,
				Base,
			);
			mainGroup = D7791C531CC75277007C8B36;
			productRefGroup = D7791C5D1CC75277007C8B36 /* Products */;
			projectDirPath = "";
			projectRoot = "";
			targets = (
				D7791C5B1CC75277007C8B36 /* BGTBSelectBB */,
				D7791C741CC75278007C8B36 /* BGTBSelectBBTests */,
				D7791C7F1CC75278007C8B36 /* BGTBSelectBBUITests */,
			);
		};
/* End PBXProject section */

/* Begin PBXResourcesBuildPhase section */
		D7791C5A1CC75277007C8B36 /* Resources */ = {
			isa = PBXResourcesBuildPhase;
			buildActionMask = 2147483647;
			files = (
				D7791C6F1CC75278007C8B36 /* LaunchScreen.storyboard in Resources */,
				D7791C6C1CC75278007C8B36 /* Assets.xcassets in Resources */,
				D7791C6A1CC75278007C8B36 /* Main.storyboard in Resources */,
			);
			runOnlyForDeploymentPostprocessing = 0;
		};
		D7791C731CC75278007C8B36 /* Resources */ = {
			isa = PBXResourcesBuildPhase;
			buildActionMask = 2147483647;
			files = (
			);
			runOnlyForDeploymentPostprocessing = 0;
		};
		D7791C7E1CC75278007C8B36 /* Resources */ = {
			isa = PBXResourcesBuildPhase;
			buildActionMask = 2147483647;
			files = (
			);
			runOnlyForDeploymentPostprocessing = 0;
		};
/* End PBXResourcesBuildPhase section */

/* Begin PBXSourcesBuildPhase section */
		D7791C581CC75277007C8B36 /* Sources */ = {
			isa = PBXSourcesBuildPhase;
			buildActionMask = 2147483647;
			files = (
				D7791C671CC75278007C8B36 /* ViewController.m in Sources */,
				D7791C641CC75278007C8B36 /* AppDelegate.m in Sources */,
				D7791C611CC75278007C8B36 /* main.m in Sources */,
			);
			runOnlyForDeploymentPostprocessing = 0;
		};
		D7791C711CC75278007C8B36 /* Sources */ = {
			isa = PBXSourcesBuildPhase;
			buildActionMask = 2147483647;
			files = (
				D7791C7A1CC75278007C8B36 /* BGTBSelectBBTests.m in Sources */,
			);
			runOnlyForDeploymentPostprocessing = 0;
		};
		D7791C7C1CC75278007C8B36 /* Sources */ = {
			isa = PBXSourcesBuildPhase;
			buildActionMask = 2147483647;
			files = (
				D7791C851CC75278007C8B36 /* BGTBSelectBBUITests.m in Sources */,
			);
			runOnlyForDeploymentPostprocessing = 0;
		};
/* End PBXSourcesBuildPhase section */

/* Begin PBXTargetDependency section */
		D7791C771CC75278007C8B36 /* PBXTargetDependency */ = {
			isa = PBXTargetDependency;
			target = D7791C5B1CC75277007C8B36 /* BGTBSelectBB */;
			targetProxy = D7791C761CC75278007C8B36 /* PBXContainerItemProxy */;
		};
		D7791C821CC75278007C8B36 /* PBXTargetDependency */ = {
			isa = PBXTargetDependency;
			target = D7791C5B1CC75277007C8B36 /* BGTBSelectBB */;
			targetProxy = D7791C811CC75278007C8B36 /* PBXContainerItemProxy */;
		};
/* End PBXTargetDependency section */

/* Begin PBXVariantGroup section */
		D7791C681CC75278007C8B36 /* Main.storyboard */ = {
			isa = PBXVariantGroup;
			children = (
				D7791C691CC75278007C8B36 /* Base */,
			);
			name = Main.storyboard;
			sourceTree = "<group>";
		};
		D7791C6D1CC75278007C8B36 /* LaunchScreen.storyboard */ = {
			isa = PBXVariantGroup;
			children = (
				D7791C6E1CC75278007C8B36 /* Base */,
			);
			name = LaunchScreen.storyboard;
			sourceTree = "<group>";
		};
/* End PBXVariantGroup section */

/* Begin XCBuildConfiguration section */
		D7791C871CC75278007C8B36 /* Debug */ = {
			isa = XCBuildConfiguration;
			buildSettings = {
				ALWAYS_SEARCH_USER_PATHS = NO;
				CLANG_ANALYZER_NONNULL = YES;
				CLANG_CXX_LANGUAGE_STANDARD = "gnu++0x";
				CLANG_CXX_LIBRARY = "libc++";
				CLANG_ENABLE_MODULES = YES;
				CLANG_ENABLE_OBJC_ARC = YES;
				CLANG_WARN_BOOL_CONVERSION = YES;
				CLANG_WARN_CONSTANT_CONVERSION = YES;
				CLANG_WARN_DIRECT_OBJC_ISA_USAGE = YES_ERROR;
				CLANG_WARN_EMPTY_BODY = YES;
				CLANG_WARN_ENUM_CONVERSION = YES;
				CLANG_WARN_INT_CONVERSION = YES;
				CLANG_WARN_OBJC_ROOT_CLASS = YES_ERROR;
				CLANG_WARN_UNREACHABLE_CODE = YES;
				CLANG_WARN__DUPLICATE_METHOD_MATCH = YES;
				"CODE_SIGN_IDENTITY[sdk=iphoneos*]" = "iPhone Developer";
				COPY_PHASE_STRIP = NO;
				DEBUG_INFORMATION_FORMAT = dwarf;
				ENABLE_STRICT_OBJC_MSGSEND = YES;
				ENABLE_TESTABILITY = YES;
				GCC_C_LANGUAGE_STANDARD = gnu99;
				GCC_DYNAMIC_NO_PIC = NO;
				GCC_NO_COMMON_BLOCKS = YES;
				GCC_OPTIMIZATION_LEVEL = 0;
				GCC_PREPROCESSOR_DEFINITIONS = (
					"DEBUG=1",
					"$(inherited)",
				);
				GCC_WARN_64_TO_32_BIT_CONVERSION = YES;
				GCC_WARN_ABOUT_RETURN_TYPE = YES_ERROR;
				GCC_WARN_UNDECLARED_SELECTOR = YES;
				GCC_WARN_UNINITIALIZED_AUTOS = YES_AGGRESSIVE;
				GCC_WARN_UNUSED_FUNCTION = YES;
				GCC_WARN_UNUSED_VARIABLE = YES;
				IPHONEOS_DEPLOYMENT_TARGET = 9.3;
				MTL_ENABLE_DEBUG_INFO = YES;
				ONLY_ACTIVE_ARCH = YES;
				SDKROOT = iphoneos;
			};
			name = Debug;
		};
		D7791C881CC75278007C8B36 /* Release */ = {
			isa = XCBuildConfiguration;
			buildSettings = {
				ALWAYS_SEARCH_USER_PATHS = NO;
				CLANG_ANALYZER_NONNULL = YES;
				CLANG_CXX_LANGUAGE_STANDARD = "gnu++0x";
				CLANG_CXX_LIBRARY = "libc++";
				CLANG_ENABLE_MODULES = YES;
				CLANG_ENABLE_OBJC_ARC = YES;
				CLANG_WARN_BOOL_CONVERSION = YES;
				CLANG_WARN_CONSTANT_CONVERSION = YES;
				CLANG_WARN_DIRECT_OBJC_ISA_USAGE = YES_ERROR;
				CLANG_WARN_EMPTY_BODY = YES;
				CLANG_WARN_ENUM_CONVERSION = YES;
				CLANG_WARN_INT_CONVERSION = YES;
				CLANG_WARN_OBJC_ROOT_CLASS = YES_ERROR;
				CLANG_WARN_UNREACHABLE_CODE = YES;
				CLANG_WARN__DUPLICATE_METHOD_MATCH = YES;
				"CODE_SIGN_IDENTITY[sdk=iphoneos*]" = "iPhone Developer";
				COPY_PHASE_STRIP = NO;
				DEBUG_INFORMATION_FORMAT = "dwarf-with-dsym";
				ENABLE_NS_ASSERTIONS = NO;
				ENABLE_STRICT_OBJC_MSGSEND = YES;
				GCC_C_LANGUAGE_STANDARD = gnu99;
				GCC_NO_COMMON_BLOCKS = YES;
				GCC_WARN_64_TO_32_BIT_CONVERSION = YES;
				GCC_WARN_ABOUT_RETURN_TYPE = YES_ERROR;
				GCC_WARN_UNDECLARED_SELECTOR = YES;
				GCC_WARN_UNINITIALIZED_AUTOS = YES_AGGRESSIVE;
				GCC_WARN_UNUSED_FUNCTION = YES;
				GCC_WARN_UNUSED_VARIABLE = YES;
				IPHONEOS_DEPLOYMENT_TARGET = 9.3;
				MTL_ENABLE_DEBUG_INFO = NO;
				SDKROOT = iphoneos;
				VALIDATE_PRODUCT = YES;
			};
			name = Release;
		};
		D7791C8A1CC75278007C8B36 /* Debug */ = {
			isa = XCBuildConfiguration;
			buildSettings = {
				ASSETCATALOG_COMPILER_APPICON_NAME = AppIcon;
				INFOPLIST_FILE = BGTBSelectBB/Info.plist;
				IPHONEOS_DEPLOYMENT_TARGET = 8.0;
				LD_RUNPATH_SEARCH_PATHS = "$(inherited) @executable_path/Frameworks";
				PRODUCT_BUNDLE_IDENTIFIER = com.hassonneptunus.BGTBSelectBB;
				PRODUCT_NAME = "$(TARGET_NAME)";
			};
			name = Debug;
		};
		D7791C8B1CC75278007C8B36 /* Release */ = {
			isa = XCBuildConfiguration;
			buildSettings = {
				ASSETCATALOG_COMPILER_APPICON_NAME = AppIcon;
				INFOPLIST_FILE = BGTBSelectBB/Info.plist;
				IPHONEOS_DEPLOYMENT_TARGET = 8.0;
				LD_RUNPATH_SEARCH_PATHS = "$(inherited) @executable_path/Frameworks";
				PRODUCT_BUNDLE_IDENTIFIER = com.hassonneptunus.BGTBSelectBB;
				PRODUCT_NAME = "$(TARGET_NAME)";
			};
			name = Release;
		};
		D7791C8D1CC75278007C8B36 /* Debug */ = {
			isa = XCBuildConfiguration;
			buildSettings = {
				BUNDLE_LOADER = "$(TEST_HOST)";
				INFOPLIST_FILE = BGTBSelectBBTests/Info.plist;
				LD_RUNPATH_SEARCH_PATHS = "$(inherited) @executable_path/Frameworks @loader_path/Frameworks";
				PRODUCT_BUNDLE_IDENTIFIER = com.hassonneptunus.BGTBSelectBBTests;
				PRODUCT_NAME = "$(TARGET_NAME)";
				TEST_HOST = "$(BUILT_PRODUCTS_DIR)/BGTBSelectBB.app/BGTBSelectBB";
			};
			name = Debug;
		};
		D7791C8E1CC75278007C8B36 /* Release */ = {
			isa = XCBuildConfiguration;
			buildSettings = {
				BUNDLE_LOADER = "$(TEST_HOST)";
				INFOPLIST_FILE = BGTBSelectBBTests/Info.plist;
				LD_RUNPATH_SEARCH_PATHS = "$(inherited) @executable_path/Frameworks @loader_path/Frameworks";
				PRODUCT_BUNDLE_IDENTIFIER = com.hassonneptunus.BGTBSelectBBTests;
				PRODUCT_NAME = "$(TARGET_NAME)";
				TEST_HOST = "$(BUILT_PRODUCTS_DIR)/BGTBSelectBB.app/BGTBSelectBB";
			};
			name = Release;
		};
		D7791C901CC75278007C8B36 /* Debug */ = {
			isa = XCBuildConfiguration;
			buildSettings = {
				INFOPLIST_FILE = BGTBSelectBBUITests/Info.plist;
				LD_RUNPATH_SEARCH_PATHS = "$(inherited) @executable_path/Frameworks @loader_path/Frameworks";
				PRODUCT_BUNDLE_IDENTIFIER = com.hassonneptunus.BGTBSelectBBUITests;
				PRODUCT_NAME = "$(TARGET_NAME)";
				TEST_TARGET_NAME = BGTBSelectBB;
			};
			name = Debug;
		};
		D7791C911CC75278007C8B36 /* Release */ = {
			isa = XCBuildConfiguration;
			buildSettings = {
				INFOPLIST_FILE = BGTBSelectBBUITests/Info.plist;
				LD_RUNPATH_SEARCH_PATHS = "$(inherited) @executable_path/Frameworks @loader_path/Frameworks";
				PRODUCT_BUNDLE_IDENTIFIER = com.hassonneptunus.BGTBSelectBBUITests;
				PRODUCT_NAME = "$(TARGET_NAME)";
				TEST_TARGET_NAME = BGTBSelectBB;
			};
			name = Release;
		};
/* End XCBuildConfiguration section */

/* Begin XCConfigurationList section */
		D7791C571CC75277007C8B36 /* Build configuration list for PBXProject "BGTBSelectBB" */ = {
			isa = XCConfigurationList;
			buildConfigurations = (
				D7791C871CC75278007C8B36 /* Debug */,
				D7791C881CC75278007C8B36 /* Release */,
			);
			defaultConfigurationIsVisible = 0;
			defaultConfigurationName = Release;
		};
		D7791C891CC75278007C8B36 /* Build configuration list for PBXNativeTarget "BGTBSelectBB" */ = {
			isa = XCConfigurationList;
			buildConfigurations = (
				D7791C8A1CC75278007C8B36 /* Debug */,
				D7791C8B1CC75278007C8B36 /* Release */,
			);
			defaultConfigurationIsVisible = 0;
		};
		D7791C8C1CC75278007C8B36 /* Build configuration list for PBXNativeTarget "BGTBSelectBBTests" */ = {
			isa = XCConfigurationList;
			buildConfigurations = (
				D7791C8D1CC75278007C8B36 /* Debug */,
				D7791C8E1CC75278007C8B36 /* Release */,
			);
			defaultConfigurationIsVisible = 0;
		};
		D7791C8F1CC75278007C8B36 /* Build configuration list for PBXNativeTarget "BGTBSelectBBUITests" */ = {
			isa = XCConfigurationList;
			buildConfigurations = (
				D7791C901CC75278007C8B36 /* Debug */,
				D7791C911CC75278007C8B36 /* Release */,
			);
			defaultConfigurationIsVisible = 0;
		};
/* End XCConfigurationList section */
	};
	rootObject = D7791C541CC75277007C8B36 /* Project object */;
}
